// !$*UTF8*$!
{
	archiveVersion = 1;
	classes = {
	};
	objectVersion = 46;
	objects = {

/* Begin PBXBuildFile section */
		2739D4D51CE91DF9005E3449 /* AppDelegate.swift in Sources */ = {isa = PBXBuildFile; fileRef = 2739D4D41CE91DF9005E3449 /* AppDelegate.swift */; };
		2739D4D71CE91DF9005E3449 /* ViewController.swift in Sources */ = {isa = PBXBuildFile; fileRef = 2739D4D61CE91DF9005E3449 /* ViewController.swift */; };
		2739D4DA1CE91DF9005E3449 /* Main.storyboard in Resources */ = {isa = PBXBuildFile; fileRef = 2739D4D81CE91DF9005E3449 /* Main.storyboard */; };
		2739D4DD1CE91DF9005E3449 /* Midpoint_Final.xcdatamodeld in Sources */ = {isa = PBXBuildFile; fileRef = 2739D4DB1CE91DF9005E3449 /* Midpoint_Final.xcdatamodeld */; };
		2739D4DF1CE91DF9005E3449 /* Assets.xcassets in Resources */ = {isa = PBXBuildFile; fileRef = 2739D4DE1CE91DF9005E3449 /* Assets.xcassets */; };
		2739D4E21CE91DF9005E3449 /* LaunchScreen.storyboard in Resources */ = {isa = PBXBuildFile; fileRef = 2739D4E01CE91DF9005E3449 /* LaunchScreen.storyboard */; };
		2739D5241CE95BB6005E3449 /* MapKit.framework in Frameworks */ = {isa = PBXBuildFile; fileRef = 2739D5231CE95BB6005E3449 /* MapKit.framework */; };
		2739D5261CE95BBB005E3449 /* CoreLocation.framework in Frameworks */ = {isa = PBXBuildFile; fileRef = 2739D5251CE95BBB005E3449 /* CoreLocation.framework */; };
		2739D5281CE95FA8005E3449 /* Chapman.gpx in Resources */ = {isa = PBXBuildFile; fileRef = 2739D5271CE95FA8005E3449 /* Chapman.gpx */; };
/* End PBXBuildFile section */

/* Begin PBXFileReference section */
		2739D4D11CE91DF9005E3449 /* Midpoint Final.app */ = {isa = PBXFileReference; explicitFileType = wrapper.application; includeInIndex = 0; path = "Midpoint Final.app"; sourceTree = BUILT_PRODUCTS_DIR; };
		2739D4D41CE91DF9005E3449 /* AppDelegate.swift */ = {isa = PBXFileReference; lastKnownFileType = sourcecode.swift; path = AppDelegate.swift; sourceTree = "<group>"; };
		2739D4D61CE91DF9005E3449 /* ViewController.swift */ = {isa = PBXFileReference; lastKnownFileType = sourcecode.swift; path = ViewController.swift; sourceTree = "<group>"; };
		2739D4D91CE91DF9005E3449 /* Base */ = {isa = PBXFileReference; lastKnownFileType = file.storyboard; name = Base; path = Base.lproj/Main.storyboard; sourceTree = "<group>"; };
		2739D4DC1CE91DF9005E3449 /* Midpoint_Final.xcdatamodel */ = {isa = PBXFileReference; lastKnownFileType = wrapper.xcdatamodel; path = Midpoint_Final.xcdatamodel; sourceTree = "<group>"; };
		2739D4DE1CE91DF9005E3449 /* Assets.xcassets */ = {isa = PBXFileReference; lastKnownFileType = folder.assetcatalog; path = Assets.xcassets; sourceTree = "<group>"; };
		2739D4E11CE91DF9005E3449 /* Base */ = {isa = PBXFileReference; lastKnownFileType = file.storyboard; name = Base; path = Base.lproj/LaunchScreen.storyboard; sourceTree = "<group>"; };
		2739D4E31CE91DF9005E3449 /* Info.plist */ = {isa = PBXFileReference; lastKnownFileType = text.plist.xml; path = Info.plist; sourceTree = "<group>"; };
		2739D5231CE95BB6005E3449 /* MapKit.framework */ = {isa = PBXFileReference; lastKnownFileType = wrapper.framework; name = MapKit.framework; path = System/Library/Frameworks/MapKit.framework; sourceTree = SDKROOT; };
		2739D5251CE95BBB005E3449 /* CoreLocation.framework */ = {isa = PBXFileReference; lastKnownFileType = wrapper.framework; name = CoreLocation.framework; path = System/Library/Frameworks/CoreLocation.framework; sourceTree = SDKROOT; };
		2739D5271CE95FA8005E3449 /* Chapman.gpx */ = {isa = PBXFileReference; fileEncoding = 4; lastKnownFileType = text.xml; path = Chapman.gpx; sourceTree = "<group>"; };
/* End PBXFileReference section */

/* Begin PBXFrameworksBuildPhase section */
		2739D4CE1CE91DF9005E3449 /* Frameworks */ = {
			isa = PBXFrameworksBuildPhase;
			buildActionMask = 2147483647;
			files = (
				2739D5261CE95BBB005E3449 /* CoreLocation.framework in Frameworks */,
				2739D5241CE95BB6005E3449 /* MapKit.framework in Frameworks */,
			);
			runOnlyForDeploymentPostprocessing = 0;
		};
/* End PBXFrameworksBuildPhase section */

/* Begin PBXGroup section */
		2739D4C81CE91DF8005E3449 = {
			isa = PBXGroup;
			children = (
				2739D5271CE95FA8005E3449 /* Chapman.gpx */,
				2739D5231CE95BB6005E3449 /* MapKit.framework */,
				2739D5251CE95BBB005E3449 /* CoreLocation.framework */,
				2739D4D31CE91DF9005E3449 /* Midpoint Final */,
				2739D4D21CE91DF9005E3449 /* Products */,
			);
			sourceTree = "<group>";
		};
		2739D4D21CE91DF9005E3449 /* Products */ = {
			isa = PBXGroup;
			children = (
				2739D4D11CE91DF9005E3449 /* Midpoint Final.app */,
			);
			name = Products;
			sourceTree = "<group>";
		};
		2739D4D31CE91DF9005E3449 /* Midpoint Final */ = {
			isa = PBXGroup;
			children = (
				2739D4D41CE91DF9005E3449 /* AppDelegate.swift */,
				2739D4D61CE91DF9005E3449 /* ViewController.swift */,
				2739D4D81CE91DF9005E3449 /* Main.storyboard */,
				2739D4E91CE91E09005E3449 /* Support */,
			);
			path = "Midpoint Final";
			sourceTree = "<group>";
		};
		2739D4E91CE91E09005E3449 /* Support */ = {
			isa = PBXGroup;
			children = (
				2739D4DE1CE91DF9005E3449 /* Assets.xcassets */,
				2739D4E01CE91DF9005E3449 /* LaunchScreen.storyboard */,
				2739D4E31CE91DF9005E3449 /* Info.plist */,
				2739D4DB1CE91DF9005E3449 /* Midpoint_Final.xcdatamodeld */,
			);
			name = Support;
			sourceTree = "<group>";
		};
/* End PBXGroup section */

/* Begin PBXNativeTarget section */
		2739D4D01CE91DF9005E3449 /* Midpoint Final */ = {
			isa = PBXNativeTarget;
			buildConfigurationList = 2739D4E61CE91DF9005E3449 /* Build configuration list for PBXNativeTarget "Midpoint Final" */;
			buildPhases = (
				2739D4CD1CE91DF9005E3449 /* Sources */,
				2739D4CE1CE91DF9005E3449 /* Frameworks */,
				2739D4CF1CE91DF9005E3449 /* Resources */,
			);
			buildRules = (
			);
			dependencies = (
			);
			name = "Midpoint Final";
			productName = "Midpoint Final";
			productReference = 2739D4D11CE91DF9005E3449 /* Midpoint Final.app */;
			productType = "com.apple.product-type.application";
		};
/* End PBXNativeTarget section */

/* Begin PBXProject section */
		2739D4C91CE91DF8005E3449 /* Project object */ = {
			isa = PBXProject;
			attributes = {
				LastSwiftUpdateCheck = 0730;
				LastUpgradeCheck = 0730;
				ORGANIZATIONNAME = Thorn129;
				TargetAttributes = {
					2739D4D01CE91DF9005E3449 = {
						CreatedOnToolsVersion = 7.3.1;
						DevelopmentTeam = ALNLGW837S;
					};
				};
			};
			buildConfigurationList = 2739D4CC1CE91DF8005E3449 /* Build configuration list for PBXProject "Midpoint Final" */;
			compatibilityVersion = "Xcode 3.2";
			developmentRegion = English;
			hasScannedForEncodings = 0;
			knownRegions = (
				en,
				Base,
			);
			mainGroup = 2739D4C81CE91DF8005E3449;
			productRefGroup = 2739D4D21CE91DF9005E3449 /* Products */;
			projectDirPath = "";
			projectRoot = "";
			targets = (
				2739D4D01CE91DF9005E3449 /* Midpoint Final */,
			);
		};
/* End PBXProject section */

/* Begin PBXResourcesBuildPhase section */
		2739D4CF1CE91DF9005E3449 /* Resources */ = {
			isa = PBXResourcesBuildPhase;
			buildActionMask = 2147483647;
			files = (
				2739D5281CE95FA8005E3449 /* Chapman.gpx in Resources */,
				2739D4E21CE91DF9005E3449 /* LaunchScreen.storyboard in Resources */,
				2739D4DF1CE91DF9005E3449 /* Assets.xcassets in Resources */,
				2739D4DA1CE91DF9005E3449 /* Main.storyboard in Resources */,
			);
			runOnlyForDeploymentPostprocessing = 0;
		};
/* End PBXResourcesBuildPhase section */

/* Begin PBXSourcesBuildPhase section */
		2739D4CD1CE91DF9005E3449 /* Sources */ = {
			isa = PBXSourcesBuildPhase;
			buildActionMask = 2147483647;
			files = (
				2739D4D71CE91DF9005E3449 /* ViewController.swift in Sources */,
				2739D4D51CE91DF9005E3449 /* AppDelegate.swift in Sources */,
				2739D4DD1CE91DF9005E3449 /* Midpoint_Final.xcdatamodeld in Sources */,
			);
			runOnlyForDeploymentPostprocessing = 0;
		};
/* End PBXSourcesBuildPhase section */

/* Begin PBXVariantGroup section */
		2739D4D81CE91DF9005E3449 /* Main.storyboard */ = {
			isa = PBXVariantGroup;
			children = (
				2739D4D91CE91DF9005E3449 /* Base */,
			);
			name = Main.storyboard;
			sourceTree = "<group>";
		};
		2739D4E01CE91DF9005E3449 /* LaunchScreen.storyboard */ = {
			isa = PBXVariantGroup;
			children = (
				2739D4E11CE91DF9005E3449 /* Base */,
			);
			name = LaunchScreen.storyboard;
			sourceTree = "<group>";
		};
/* End PBXVariantGroup section */

/* Begin XCBuildConfiguration section */
		2739D4E41CE91DF9005E3449 /* Debug */ = {
			isa = XCBuildConfiguration;
			buildSettings = {
				ALWAYS_SEARCH_USER_PATHS = NO;
				CLANG_ANALYZER_NONNULL = YES;
				CLANG_CXX_LANGUAGE_STANDARD = "gnu++0x";
				CLANG_CXX_LIBRARY = "libc++";
				CLANG_ENABLE_MODULES = YES;
				CLANG_ENABLE_OBJC_ARC = YES;
				CLANG_WARN_BOOL_CONVERSION = YES;
				CLANG_WARN_CONSTANT_CONVERSION = YES;
				CLANG_WARN_DIRECT_OBJC_ISA_USAGE = YES_ERROR;
				CLANG_WARN_EMPTY_BODY = YES;
				CLANG_WARN_ENUM_CONVERSION = YES;
				CLANG_WARN_INT_CONVERSION = YES;
				CLANG_WARN_OBJC_ROOT_CLASS = YES_ERROR;
				CLANG_WARN_UNREACHABLE_CODE = YES;
				CLANG_WARN__DUPLICATE_METHOD_MATCH = YES;
				"CODE_SIGN_IDENTITY[sdk=iphoneos*]" = "iPhone Developer";
				COPY_PHASE_STRIP = NO;
				DEBUG_INFORMATION_FORMAT = dwarf;
				ENABLE_STRICT_OBJC_MSGSEND = YES;
				ENABLE_TESTABILITY = YES;
				GCC_C_LANGUAGE_STANDARD = gnu99;
				GCC_DYNAMIC_NO_PIC = NO;
				GCC_NO_COMMON_BLOCKS = YES;
				GCC_OPTIMIZATION_LEVEL = 0;
				GCC_PREPROCESSOR_DEFINITIONS = (
					"DEBUG=1",
					"$(inherited)",
				);
				GCC_WARN_64_TO_32_BIT_CONVERSION = YES;
				GCC_WARN_ABOUT_RETURN_TYPE = YES_ERROR;
				GCC_WARN_UNDECLARED_SELECTOR = YES;
				GCC_WARN_UNINITIALIZED_AUTOS = YES_AGGRESSIVE;
				GCC_WARN_UNUSED_FUNCTION = YES;
				GCC_WARN_UNUSED_VARIABLE = YES;
				IPHONEOS_DEPLOYMENT_TARGET = 9.3;
				MTL_ENABLE_DEBUG_INFO = YES;
				ONLY_ACTIVE_ARCH = YES;
				SDKROOT = iphoneos;
				SWIFT_OPTIMIZATION_LEVEL = "-Onone";
			};
			name = Debug;
		};
		2739D4E51CE91DF9005E3449 /* Release */ = {
			isa = XCBuildConfiguration;
			buildSettings = {
				ALWAYS_SEARCH_USER_PATHS = NO;
				CLANG_ANALYZER_NONNULL = YES;
				CLANG_CXX_LANGUAGE_STANDARD = "gnu++0x";
				CLANG_CXX_LIBRARY = "libc++";
				CLANG_ENABLE_MODULES = YES;
				CLANG_ENABLE_OBJC_ARC = YES;
				CLANG_WARN_BOOL_CONVERSION = YES;
				CLANG_WARN_CONSTANT_CONVERSION = YES;
				CLANG_WARN_DIRECT_OBJC_ISA_USAGE = YES_ERROR;
				CLANG_WARN_EMPTY_BODY = YES;
				CLANG_WARN_ENUM_CONVERSION = YES;
				CLANG_WARN_INT_CONVERSION = YES;
				CLANG_WARN_OBJC_ROOT_CLASS = YES_ERROR;
				CLANG_WARN_UNREACHABLE_CODE = YES;
				CLANG_WARN__DUPLICATE_METHOD_MATCH = YES;
				"CODE_SIGN_IDENTITY[sdk=iphoneos*]" = "iPhone Developer";
				COPY_PHASE_STRIP = NO;
				DEBUG_INFORMATION_FORMAT = "dwarf-with-dsym";
				ENABLE_NS_ASSERTIONS = NO;
				ENABLE_STRICT_OBJC_MSGSEND = YES;
				GCC_C_LANGUAGE_STANDARD = gnu99;
				GCC_NO_COMMON_BLOCKS = YES;
				GCC_WARN_64_TO_32_BIT_CONVERSION = YES;
				GCC_WARN_ABOUT_RETURN_TYPE = YES_ERROR;
				GCC_WARN_UNDECLARED_SELECTOR = YES;
				GCC_WARN_UNINITIALIZED_AUTOS = YES_AGGRESSIVE;
				GCC_WARN_UNUSED_FUNCTION = YES;
				GCC_WARN_UNUSED_VARIABLE = YES;
				IPHONEOS_DEPLOYMENT_TARGET = 9.3;
				MTL_ENABLE_DEBUG_INFO = NO;
				SDKROOT = iphoneos;
				VALIDATE_PRODUCT = YES;
			};
			name = Release;
		};
		2739D4E71CE91DF9005E3449 /* Debug */ = {
			isa = XCBuildConfiguration;
			buildSettings = {
				ASSETCATALOG_COMPILER_APPICON_NAME = AppIcon;
				INFOPLIST_FILE = "Midpoint Final/Info.plist";
				LD_RUNPATH_SEARCH_PATHS = "$(inherited) @executable_path/Frameworks";
				PRODUCT_BUNDLE_IDENTIFIER = "com.thorn129.Midpoint-Final";
				PRODUCT_NAME = "$(TARGET_NAME)";
				SWIFT_OBJC_BRIDGING_HEADER = "";
			};
			name = Debug;
		};
		2739D4E81CE91DF9005E3449 /* Release */ = {
			isa = XCBuildConfiguration;
			buildSettings = {
				ASSETCATALOG_COMPILER_APPICON_NAME = AppIcon;
				INFOPLIST_FILE = "Midpoint Final/Info.plist";
				LD_RUNPATH_SEARCH_PATHS = "$(inherited) @executable_path/Frameworks";
				PRODUCT_BUNDLE_IDENTIFIER = "com.thorn129.Midpoint-Final";
				PRODUCT_NAME = "$(TARGET_NAME)";
				SWIFT_OBJC_BRIDGING_HEADER = "";
			};
			name = Release;
		};
/* End XCBuildConfiguration section */

/* Begin XCConfigurationList section */
		2739D4CC1CE91DF8005E3449 /* Build configuration list for PBXProject "Midpoint Final" */ = {
			isa = XCConfigurationList;
			buildConfigurations = (
				2739D4E41CE91DF9005E3449 /* Debug */,
				2739D4E51CE91DF9005E3449 /* Release */,
			);
			defaultConfigurationIsVisible = 0;
			defaultConfigurationName = Release;
		};
		2739D4E61CE91DF9005E3449 /* Build configuration list for PBXNativeTarget "Midpoint Final" */ = {
			isa = XCConfigurationList;
			buildConfigurations = (
				2739D4E71CE91DF9005E3449 /* Debug */,
				2739D4E81CE91DF9005E3449 /* Release */,
			);
			defaultConfigurationIsVisible = 0;
		};
/* End XCConfigurationList section */

/* Begin XCVersionGroup section */
		2739D4DB1CE91DF9005E3449 /* Midpoint_Final.xcdatamodeld */ = {
			isa = XCVersionGroup;
			children = (
				2739D4DC1CE91DF9005E3449 /* Midpoint_Final.xcdatamodel */,
			);
			currentVersion = 2739D4DC1CE91DF9005E3449 /* Midpoint_Final.xcdatamodel */;
			path = Midpoint_Final.xcdatamodeld;
			sourceTree = "<group>";
			versionGroupType = wrapper.xcdatamodel;
		};
/* End XCVersionGroup section */
	};
	rootObject = 2739D4C91CE91DF8005E3449 /* Project object */;
}
